
Microsoft Visual Studio Solution File, Format Version 12.00
# Visual Studio Version 16
VisualStudioVersion = 16.0.30523.141
MinimumVisualStudioVersion = 10.0.40219.1
Project("{FAE04EC0-301F-11D3-BF4B-00C04F79EFBC}") = "ChangeFilesDateTimeApp", "ChangeFilesDateTimeApp\ChangeFilesDateTimeApp.csproj", "{57937E13-5958-4D27-8C14-220D0C4B901D}"
EndProject
Global
	GlobalSection(SolutionConfigurationPlatforms) = preSolution
		Debug|Any CPU = Debug|Any CPU
		Release|Any CPU = Release|Any CPU
	EndGlobalSection
	GlobalSection(ProjectConfigurationPlatforms) = postSolution
		{57937E13-5958-4D27-8C14-220D0C4B901D}.Debug|Any CPU.ActiveCfg = Debug|Any CPU
		{57937E13-5958-4D27-8C14-220D0C4B901D}.Debug|Any CPU.Build.0 = Debug|Any CPU
		{57937E13-5958-4D27-8C14-220D0C4B901D}.Release|Any CPU.ActiveCfg = Release|Any CPU
		{57937E13-5958-4D27-8C14-220D0C4B901D}.Release|Any CPU.Build.0 = Release|Any CPU
	EndGlobalSection
	GlobalSection(SolutionProperties) = preSolution
		HideSolutionNode = FALSE
	EndGlobalSection
	GlobalSection(ExtensibilityGlobals) = postSolution
		SolutionGuid = {2C1F4C95-9F1B-48E5-9F56-83B8B9F2A421}
	EndGlobalSection
EndGlobal
